Microsoft Visual Studio Solution File, Format Version 11.00
# Visual Studio 2010
Project("{8BC9CEB8-8B4A-11D0-8D11-00A0C91BC942}") = "netcdf", "libsrc\netcdf.vcxproj", "{1544CEA3-1365-4482-A719-FF5C14BBAE29}"
EndProject
Project("{8BC9CEB8-8B4A-11D0-8D11-00A0C91BC942}") = "nctest", "nctest\nctest.vcxproj", "{16F8E55F-8CFB-412F-80F0-DEBDEAE068A4}"
EndProject
Project("{8BC9CEB8-8B4A-11D0-8D11-00A0C91BC942}") = "nc_test", "nc_test\nc_test.vcxproj", "{849B73F3-0E32-49AA-993E-01AB112F5BF2}"
EndProject
Project("{8BC9CEB8-8B4A-11D0-8D11-00A0C91BC942}") = "ncdump", "ncdump\ncdump.vcxproj", "{DA7A6115-385C-44AC-B436-E94E95DDCEAC}"
EndProject
Project("{8BC9CEB8-8B4A-11D0-8D11-00A0C91BC942}") = "nccopy", "nccopy\nccopy.vcxproj", "{5CDC0F9C-DCC3-4BD3-878C-F71B5FD57F5F}"
EndProject
Project("{8BC9CEB8-8B4A-11D0-8D11-00A0C91BC942}") = "ncgen", "ncgen\ncgen.vcxproj", "{81623E8F-4575-429E-9EA1-BFFAC1E253F7}"
EndProject
Project("{8BC9CEB8-8B4A-11D0-8D11-00A0C91BC942}") = "tst_netcdf", "examples\tst_netcdf.vcxproj", "{E1F00190-5DE7-4333-9AB9-E4EBB9EB6139}"
EndProject
Project("{8BC9CEB8-8B4A-11D0-8D11-00A0C91BC942}") = "large_files", "nc_test\large_files.vcxproj", "{9CF427FE-618D-4E27-9610-937A7E0A7524}"
EndProject
Project("{8BC9CEB8-8B4A-11D0-8D11-00A0C91BC942}") = "quick_large_files", "nc_test\quick_large_files.vcxproj", "{797D6E0A-0320-41DE-A092-BD562CB88176}"
EndProject
Global
	GlobalSection(SolutionConfigurationPlatforms) = preSolution
		Debug|Win32 = Debug|Win32
		Release|Win32 = Release|Win32
	EndGlobalSection
	GlobalSection(ProjectConfigurationPlatforms) = postSolution
		{1544CEA3-1365-4482-A719-FF5C14BBAE29}.Debug|Win32.ActiveCfg = Debug|Win32
		{1544CEA3-1365-4482-A719-FF5C14BBAE29}.Debug|Win32.Build.0 = Debug|Win32
		{1544CEA3-1365-4482-A719-FF5C14BBAE29}.Release|Win32.ActiveCfg = Release|Win32
		{1544CEA3-1365-4482-A719-FF5C14BBAE29}.Release|Win32.Build.0 = Release|Win32
		{16F8E55F-8CFB-412F-80F0-DEBDEAE068A4}.Debug|Win32.ActiveCfg = Debug|Win32
		{16F8E55F-8CFB-412F-80F0-DEBDEAE068A4}.Debug|Win32.Build.0 = Debug|Win32
		{16F8E55F-8CFB-412F-80F0-DEBDEAE068A4}.Release|Win32.ActiveCfg = Release|Win32
		{16F8E55F-8CFB-412F-80F0-DEBDEAE068A4}.Release|Win32.Build.0 = Release|Win32
		{849B73F3-0E32-49AA-993E-01AB112F5BF2}.Debug|Win32.ActiveCfg = Debug|Win32
		{849B73F3-0E32-49AA-993E-01AB112F5BF2}.Debug|Win32.Build.0 = Debug|Win32
		{849B73F3-0E32-49AA-993E-01AB112F5BF2}.Release|Win32.ActiveCfg = Release|Win32
		{849B73F3-0E32-49AA-993E-01AB112F5BF2}.Release|Win32.Build.0 = Release|Win32
		{DA7A6115-385C-44AC-B436-E94E95DDCEAC}.Debug|Win32.ActiveCfg = Debug|Win32
		{DA7A6115-385C-44AC-B436-E94E95DDCEAC}.Debug|Win32.Build.0 = Debug|Win32
		{DA7A6115-385C-44AC-B436-E94E95DDCEAC}.Release|Win32.ActiveCfg = Release|Win32
		{DA7A6115-385C-44AC-B436-E94E95DDCEAC}.Release|Win32.Build.0 = Release|Win32
		{5CDC0F9C-DCC3-4BD3-878C-F71B5FD57F5F}.Debug|Win32.ActiveCfg = Debug|Win32
		{5CDC0F9C-DCC3-4BD3-878C-F71B5FD57F5F}.Release|Win32.ActiveCfg = Release|Win32
		{81623E8F-4575-429E-9EA1-BFFAC1E253F7}.Debug|Win32.ActiveCfg = Debug|Win32
		{81623E8F-4575-429E-9EA1-BFFAC1E253F7}.Debug|Win32.Build.0 = Debug|Win32
		{81623E8F-4575-429E-9EA1-BFFAC1E253F7}.Release|Win32.ActiveCfg = Release|Win32
		{81623E8F-4575-429E-9EA1-BFFAC1E253F7}.Release|Win32.Build.0 = Release|Win32
		{E1F00190-5DE7-4333-9AB9-E4EBB9EB6139}.Debug|Win32.ActiveCfg = Debug|Win32
		{E1F00190-5DE7-4333-9AB9-E4EBB9EB6139}.Debug|Win32.Build.0 = Debug|Win32
		{E1F00190-5DE7-4333-9AB9-E4EBB9EB6139}.Release|Win32.ActiveCfg = Release|Win32
		{E1F00190-5DE7-4333-9AB9-E4EBB9EB6139}.Release|Win32.Build.0 = Release|Win32
		{9CF427FE-618D-4E27-9610-937A7E0A7524}.Debug|Win32.ActiveCfg = Debug|Win32
		{9CF427FE-618D-4E27-9610-937A7E0A7524}.Debug|Win32.Build.0 = Debug|Win32
		{9CF427FE-618D-4E27-9610-937A7E0A7524}.Release|Win32.ActiveCfg = Release|Win32
		{9CF427FE-618D-4E27-9610-937A7E0A7524}.Release|Win32.Build.0 = Release|Win32
		{797D6E0A-0320-41DE-A092-BD562CB88176}.Debug|Win32.ActiveCfg = Debug|Win32
		{797D6E0A-0320-41DE-A092-BD562CB88176}.Debug|Win32.Build.0 = Debug|Win32
		{797D6E0A-0320-41DE-A092-BD562CB88176}.Release|Win32.ActiveCfg = Release|Win32
		{797D6E0A-0320-41DE-A092-BD562CB88176}.Release|Win32.Build.0 = Release|Win32
	EndGlobalSection
	GlobalSection(SolutionProperties) = preSolution
		HideSolutionNode = FALSE
	EndGlobalSection
EndGlobal
