Microsoft Visual Studio Solution File, Format Version 10.00
# Visual Studio 2008
Project("{8BC9CEB8-8B4A-11D0-8D11-00A0C91BC942}") = "netcdf", "libsrc\netcdf.vcproj", "{1544CEA3-1365-4482-A719-FF5C14BBAE29}"
EndProject
Project("{8BC9CEB8-8B4A-11D0-8D11-00A0C91BC942}") = "nctest", "nctest\nctest.vcproj", "{16F8E55F-8CFB-412F-80F0-DEBDEAE068A4}"
	ProjectSection(ProjectDependencies) = postProject
		{DA7A6115-385C-44AC-B436-E94E95DDCEAC} = {DA7A6115-385C-44AC-B436-E94E95DDCEAC}
		{81623E8F-4575-429E-9EA1-BFFAC1E253F7} = {81623E8F-4575-429E-9EA1-BFFAC1E253F7}
		{1544CEA3-1365-4482-A719-FF5C14BBAE29} = {1544CEA3-1365-4482-A719-FF5C14BBAE29}
		{849B73F3-0E32-49AA-993E-01AB112F5BF2} = {849B73F3-0E32-49AA-993E-01AB112F5BF2}
	EndProjectSection
EndProject
Project("{8BC9CEB8-8B4A-11D0-8D11-00A0C91BC942}") = "nc_test", "nc_test\nc_test.vcproj", "{849B73F3-0E32-49AA-993E-01AB112F5BF2}"
	ProjectSection(ProjectDependencies) = postProject
		{DA7A6115-385C-44AC-B436-E94E95DDCEAC} = {DA7A6115-385C-44AC-B436-E94E95DDCEAC}
		{81623E8F-4575-429E-9EA1-BFFAC1E253F7} = {81623E8F-4575-429E-9EA1-BFFAC1E253F7}
		{1544CEA3-1365-4482-A719-FF5C14BBAE29} = {1544CEA3-1365-4482-A719-FF5C14BBAE29}
	EndProjectSection
EndProject
Project("{8BC9CEB8-8B4A-11D0-8D11-00A0C91BC942}") = "ncdump", "ncdump\ncdump.vcproj", "{DA7A6115-385C-44AC-B436-E94E95DDCEAC}"
	ProjectSection(ProjectDependencies) = postProject
		{1544CEA3-1365-4482-A719-FF5C14BBAE29} = {1544CEA3-1365-4482-A719-FF5C14BBAE29}
	EndProjectSection
EndProject
Project("{8BC9CEB8-8B4A-11D0-8D11-00A0C91BC942}") = "ncgen", "ncgen\ncgen.vcproj", "{81623E8F-4575-429E-9EA1-BFFAC1E253F7}"
	ProjectSection(ProjectDependencies) = postProject
		{DA7A6115-385C-44AC-B436-E94E95DDCEAC} = {DA7A6115-385C-44AC-B436-E94E95DDCEAC}
		{1544CEA3-1365-4482-A719-FF5C14BBAE29} = {1544CEA3-1365-4482-A719-FF5C14BBAE29}
	EndProjectSection
EndProject
Project("{8BC9CEB8-8B4A-11D0-8D11-00A0C91BC942}") = "tst_netcdf", "examples\tst_netcdf.vcproj", "{E1F00190-5DE7-4333-9AB9-E4EBB9EB6139}"
	ProjectSection(ProjectDependencies) = postProject
		{797D6E0A-0320-41DE-A092-BD562CB88176} = {797D6E0A-0320-41DE-A092-BD562CB88176}
		{DA7A6115-385C-44AC-B436-E94E95DDCEAC} = {DA7A6115-385C-44AC-B436-E94E95DDCEAC}
		{16F8E55F-8CFB-412F-80F0-DEBDEAE068A4} = {16F8E55F-8CFB-412F-80F0-DEBDEAE068A4}
		{81623E8F-4575-429E-9EA1-BFFAC1E253F7} = {81623E8F-4575-429E-9EA1-BFFAC1E253F7}
		{1544CEA3-1365-4482-A719-FF5C14BBAE29} = {1544CEA3-1365-4482-A719-FF5C14BBAE29}
		{849B73F3-0E32-49AA-993E-01AB112F5BF2} = {849B73F3-0E32-49AA-993E-01AB112F5BF2}
		{9CF427FE-618D-4E27-9610-937A7E0A7524} = {9CF427FE-618D-4E27-9610-937A7E0A7524}
	EndProjectSection
EndProject
Project("{8BC9CEB8-8B4A-11D0-8D11-00A0C91BC942}") = "large_files", "nc_test\large_files.vcproj", "{9CF427FE-618D-4E27-9610-937A7E0A7524}"
	ProjectSection(ProjectDependencies) = postProject
		{797D6E0A-0320-41DE-A092-BD562CB88176} = {797D6E0A-0320-41DE-A092-BD562CB88176}
		{DA7A6115-385C-44AC-B436-E94E95DDCEAC} = {DA7A6115-385C-44AC-B436-E94E95DDCEAC}
		{16F8E55F-8CFB-412F-80F0-DEBDEAE068A4} = {16F8E55F-8CFB-412F-80F0-DEBDEAE068A4}
		{81623E8F-4575-429E-9EA1-BFFAC1E253F7} = {81623E8F-4575-429E-9EA1-BFFAC1E253F7}
		{1544CEA3-1365-4482-A719-FF5C14BBAE29} = {1544CEA3-1365-4482-A719-FF5C14BBAE29}
		{849B73F3-0E32-49AA-993E-01AB112F5BF2} = {849B73F3-0E32-49AA-993E-01AB112F5BF2}
	EndProjectSection
EndProject
Project("{8BC9CEB8-8B4A-11D0-8D11-00A0C91BC942}") = "quick_large_files", "nc_test\quick_large_files.vcproj", "{797D6E0A-0320-41DE-A092-BD562CB88176}"
	ProjectSection(ProjectDependencies) = postProject
		{DA7A6115-385C-44AC-B436-E94E95DDCEAC} = {DA7A6115-385C-44AC-B436-E94E95DDCEAC}
		{16F8E55F-8CFB-412F-80F0-DEBDEAE068A4} = {16F8E55F-8CFB-412F-80F0-DEBDEAE068A4}
		{81623E8F-4575-429E-9EA1-BFFAC1E253F7} = {81623E8F-4575-429E-9EA1-BFFAC1E253F7}
		{1544CEA3-1365-4482-A719-FF5C14BBAE29} = {1544CEA3-1365-4482-A719-FF5C14BBAE29}
		{849B73F3-0E32-49AA-993E-01AB112F5BF2} = {849B73F3-0E32-49AA-993E-01AB112F5BF2}
	EndProjectSection
EndProject
Global
	GlobalSection(SolutionConfigurationPlatforms) = preSolution
		Debug|Win32 = Debug|Win32
		Debug|x64 = Debug|x64
		Release|Win32 = Release|Win32
		Release|x64 = Release|x64
	EndGlobalSection
	GlobalSection(ProjectConfigurationPlatforms) = postSolution
		{1544CEA3-1365-4482-A719-FF5C14BBAE29}.Debug|Win32.ActiveCfg = Debug|Win32
		{1544CEA3-1365-4482-A719-FF5C14BBAE29}.Debug|Win32.Build.0 = Debug|Win32
		{1544CEA3-1365-4482-A719-FF5C14BBAE29}.Debug|x64.ActiveCfg = Debug|x64
		{1544CEA3-1365-4482-A719-FF5C14BBAE29}.Debug|x64.Build.0 = Debug|x64
		{1544CEA3-1365-4482-A719-FF5C14BBAE29}.Release|Win32.ActiveCfg = Release|Win32
		{1544CEA3-1365-4482-A719-FF5C14BBAE29}.Release|Win32.Build.0 = Release|Win32
		{1544CEA3-1365-4482-A719-FF5C14BBAE29}.Release|x64.ActiveCfg = Release|x64
		{1544CEA3-1365-4482-A719-FF5C14BBAE29}.Release|x64.Build.0 = Release|x64
		{16F8E55F-8CFB-412F-80F0-DEBDEAE068A4}.Debug|Win32.ActiveCfg = Debug|Win32
		{16F8E55F-8CFB-412F-80F0-DEBDEAE068A4}.Debug|Win32.Build.0 = Debug|Win32
		{16F8E55F-8CFB-412F-80F0-DEBDEAE068A4}.Debug|x64.ActiveCfg = Debug|x64
		{16F8E55F-8CFB-412F-80F0-DEBDEAE068A4}.Debug|x64.Build.0 = Debug|x64
		{16F8E55F-8CFB-412F-80F0-DEBDEAE068A4}.Release|Win32.ActiveCfg = Release|Win32
		{16F8E55F-8CFB-412F-80F0-DEBDEAE068A4}.Release|Win32.Build.0 = Release|Win32
		{16F8E55F-8CFB-412F-80F0-DEBDEAE068A4}.Release|x64.ActiveCfg = Release|x64
		{16F8E55F-8CFB-412F-80F0-DEBDEAE068A4}.Release|x64.Build.0 = Release|x64
		{849B73F3-0E32-49AA-993E-01AB112F5BF2}.Debug|Win32.ActiveCfg = Debug|Win32
		{849B73F3-0E32-49AA-993E-01AB112F5BF2}.Debug|Win32.Build.0 = Debug|Win32
		{849B73F3-0E32-49AA-993E-01AB112F5BF2}.Debug|x64.ActiveCfg = Debug|x64
		{849B73F3-0E32-49AA-993E-01AB112F5BF2}.Debug|x64.Build.0 = Debug|x64
		{849B73F3-0E32-49AA-993E-01AB112F5BF2}.Release|Win32.ActiveCfg = Release|Win32
		{849B73F3-0E32-49AA-993E-01AB112F5BF2}.Release|Win32.Build.0 = Release|Win32
		{849B73F3-0E32-49AA-993E-01AB112F5BF2}.Release|x64.ActiveCfg = Release|x64
		{849B73F3-0E32-49AA-993E-01AB112F5BF2}.Release|x64.Build.0 = Release|x64
		{DA7A6115-385C-44AC-B436-E94E95DDCEAC}.Debug|Win32.ActiveCfg = Debug|Win32
		{DA7A6115-385C-44AC-B436-E94E95DDCEAC}.Debug|Win32.Build.0 = Debug|Win32
		{DA7A6115-385C-44AC-B436-E94E95DDCEAC}.Debug|x64.ActiveCfg = Debug|x64
		{DA7A6115-385C-44AC-B436-E94E95DDCEAC}.Debug|x64.Build.0 = Debug|x64
		{DA7A6115-385C-44AC-B436-E94E95DDCEAC}.Release|Win32.ActiveCfg = Release|Win32
		{DA7A6115-385C-44AC-B436-E94E95DDCEAC}.Release|Win32.Build.0 = Release|Win32
		{DA7A6115-385C-44AC-B436-E94E95DDCEAC}.Release|x64.ActiveCfg = Release|x64
		{DA7A6115-385C-44AC-B436-E94E95DDCEAC}.Release|x64.Build.0 = Release|x64
		{81623E8F-4575-429E-9EA1-BFFAC1E253F7}.Debug|Win32.ActiveCfg = Debug|Win32
		{81623E8F-4575-429E-9EA1-BFFAC1E253F7}.Debug|Win32.Build.0 = Debug|Win32
		{81623E8F-4575-429E-9EA1-BFFAC1E253F7}.Debug|x64.ActiveCfg = Debug|x64
		{81623E8F-4575-429E-9EA1-BFFAC1E253F7}.Debug|x64.Build.0 = Debug|x64
		{81623E8F-4575-429E-9EA1-BFFAC1E253F7}.Release|Win32.ActiveCfg = Release|Win32
		{81623E8F-4575-429E-9EA1-BFFAC1E253F7}.Release|Win32.Build.0 = Release|Win32
		{81623E8F-4575-429E-9EA1-BFFAC1E253F7}.Release|x64.ActiveCfg = Release|x64
		{81623E8F-4575-429E-9EA1-BFFAC1E253F7}.Release|x64.Build.0 = Release|x64
		{E1F00190-5DE7-4333-9AB9-E4EBB9EB6139}.Debug|Win32.ActiveCfg = Debug|Win32
		{E1F00190-5DE7-4333-9AB9-E4EBB9EB6139}.Debug|Win32.Build.0 = Debug|Win32
		{E1F00190-5DE7-4333-9AB9-E4EBB9EB6139}.Debug|x64.ActiveCfg = Debug|x64
		{E1F00190-5DE7-4333-9AB9-E4EBB9EB6139}.Debug|x64.Build.0 = Debug|x64
		{E1F00190-5DE7-4333-9AB9-E4EBB9EB6139}.Release|Win32.ActiveCfg = Release|Win32
		{E1F00190-5DE7-4333-9AB9-E4EBB9EB6139}.Release|Win32.Build.0 = Release|Win32
		{E1F00190-5DE7-4333-9AB9-E4EBB9EB6139}.Release|x64.ActiveCfg = Release|x64
		{E1F00190-5DE7-4333-9AB9-E4EBB9EB6139}.Release|x64.Build.0 = Release|x64
		{9CF427FE-618D-4E27-9610-937A7E0A7524}.Debug|Win32.ActiveCfg = Debug|Win32
		{9CF427FE-618D-4E27-9610-937A7E0A7524}.Debug|Win32.Build.0 = Debug|Win32
		{9CF427FE-618D-4E27-9610-937A7E0A7524}.Debug|x64.ActiveCfg = Debug|x64
		{9CF427FE-618D-4E27-9610-937A7E0A7524}.Debug|x64.Build.0 = Debug|x64
		{9CF427FE-618D-4E27-9610-937A7E0A7524}.Release|Win32.ActiveCfg = Release|Win32
		{9CF427FE-618D-4E27-9610-937A7E0A7524}.Release|Win32.Build.0 = Release|Win32
		{9CF427FE-618D-4E27-9610-937A7E0A7524}.Release|x64.ActiveCfg = Release|x64
		{9CF427FE-618D-4E27-9610-937A7E0A7524}.Release|x64.Build.0 = Release|x64
		{797D6E0A-0320-41DE-A092-BD562CB88176}.Debug|Win32.ActiveCfg = Debug|Win32
		{797D6E0A-0320-41DE-A092-BD562CB88176}.Debug|Win32.Build.0 = Debug|Win32
		{797D6E0A-0320-41DE-A092-BD562CB88176}.Debug|x64.ActiveCfg = Debug|x64
		{797D6E0A-0320-41DE-A092-BD562CB88176}.Debug|x64.Build.0 = Debug|x64
		{797D6E0A-0320-41DE-A092-BD562CB88176}.Release|Win32.ActiveCfg = Release|Win32
		{797D6E0A-0320-41DE-A092-BD562CB88176}.Release|Win32.Build.0 = Release|Win32
		{797D6E0A-0320-41DE-A092-BD562CB88176}.Release|x64.ActiveCfg = Release|x64
		{797D6E0A-0320-41DE-A092-BD562CB88176}.Release|x64.Build.0 = Release|x64
	EndGlobalSection
	GlobalSection(SolutionProperties) = preSolution
		HideSolutionNode = FALSE
	EndGlobalSection
EndGlobal
